
Microsoft Visual Studio Solution File, Format Version 12.00
# Visual Studio Version 17
VisualStudioVersion = 17.1.31903.286
MinimumVisualStudioVersion = 10.0.40219.1
Project("{9A19103F-16F7-4668-BE54-9A1E7A4F7556}") = "Math-lib", "Math-lib\Math-lib.csproj", "{E168EC8C-D8B6-4A0C-9B0E-330B6C0046E2}"
EndProject
Project("{9A19103F-16F7-4668-BE54-9A1E7A4F7556}") = "Math-lib.Tests", "Math-lib.Tests\Math-lib.Tests.csproj", "{97464C1B-8E92-4A0E-81D6-E3A0DD7FDFCA}"
EndProject
Project("{9A19103F-16F7-4668-BE54-9A1E7A4F7556}") = "Projection", "Projection\Projection.csproj", "{48F639F6-2261-487B-AF0C-B683A211896D}"
EndProject
Project("{9A19103F-16F7-4668-BE54-9A1E7A4F7556}") = "Raytracing", "RaytracingInOneWeek\Raytracing.csproj", "{6A59690D-B3C5-48CE-A463-5FD5DE4882AD}"
EndProject
Project("{9A19103F-16F7-4668-BE54-9A1E7A4F7556}") = "RasterizerTest", "RasterizerTest\RasterizerTest.csproj", "{3ED4ED21-8362-416B-9FA4-7C2DA83744C8}"
EndProject
Project("{9A19103F-16F7-4668-BE54-9A1E7A4F7556}") = "SandSim", "SandSim\SandSim.csproj", "{D2FDE2BC-CEE4-406B-9912-C3C4BF250DA3}"
EndProject
Project("{9A19103F-16F7-4668-BE54-9A1E7A4F7556}") = "Rasterizer-lib", "Rasterizer-lib\Rasterizer-lib.csproj", "{B98CDF66-C010-4460-B2E9-3B31D18C01ED}"
EndProject
Project("{9A19103F-16F7-4668-BE54-9A1E7A4F7556}") = "BenchmarkTests", "BenchmarkTests\BenchmarkTests.csproj", "{0F3C1EC1-8EAE-425A-96C5-DDFC5C42F849}"
EndProject
Project("{9A19103F-16F7-4668-BE54-9A1E7A4F7556}") = "NeuralNetwork", "NeuralNetwork\NeuralNetwork.csproj", "{D8FFA6A1-B29E-40CF-B6DB-95BB2AF0FE00}"
EndProject
Project("{9A19103F-16F7-4668-BE54-9A1E7A4F7556}") = "NeuralNetworkWPF", "Neural_Network_WPF\Neural_Network_WPF\NeuralNetworkWPF.csproj", "{86E07547-F0B1-4C9D-80B9-2089C874FC80}"
EndProject
Project("{9A19103F-16F7-4668-BE54-9A1E7A4F7556}") = "Raytracing.Tests", "Raytracer.Tests\Raytracing.Tests.csproj", "{FD16A15E-2109-4811-B405-C7DD79160348}"
EndProject
Project("{9A19103F-16F7-4668-BE54-9A1E7A4F7556}") = "Moarx.Math", "Moarx.Math\Moarx.Math.csproj", "{BBBBC7CA-F4F3-4469-A758-10C8C6E8DC18}"
EndProject
Project("{2150E333-8FDC-42A3-9474-1A3956D46DE8}") = "Solution Items", "Solution Items", "{C95E7814-B8FD-43C9-BE7B-55F71D8FF97B}"
	ProjectSection(SolutionItems) = preProject
		.editorconfig = .editorconfig
	EndProjectSection
EndProject
Project("{9A19103F-16F7-4668-BE54-9A1E7A4F7556}") = "Moarx.Math.Tests", "Moarx.Math.Tests\Moarx.Math.Tests.csproj", "{78E1775D-BEC6-45DA-BF7E-028692B2FCF6}"
EndProject
Project("{9A19103F-16F7-4668-BE54-9A1E7A4F7556}") = "Recognizer", "Recognizer\Recognizer.csproj", "{6BCE3B47-F3BE-4D1B-AEB7-8E4247E10AC0}"
EndProject
Global
	GlobalSection(SolutionConfigurationPlatforms) = preSolution
		Debug|Any CPU = Debug|Any CPU
		Release|Any CPU = Release|Any CPU
	EndGlobalSection
	GlobalSection(ProjectConfigurationPlatforms) = postSolution
		{E168EC8C-D8B6-4A0C-9B0E-330B6C0046E2}.Debug|Any CPU.ActiveCfg = Debug|Any CPU
		{E168EC8C-D8B6-4A0C-9B0E-330B6C0046E2}.Debug|Any CPU.Build.0 = Debug|Any CPU
		{E168EC8C-D8B6-4A0C-9B0E-330B6C0046E2}.Release|Any CPU.ActiveCfg = Release|Any CPU
		{E168EC8C-D8B6-4A0C-9B0E-330B6C0046E2}.Release|Any CPU.Build.0 = Release|Any CPU
		{97464C1B-8E92-4A0E-81D6-E3A0DD7FDFCA}.Debug|Any CPU.ActiveCfg = Debug|Any CPU
		{97464C1B-8E92-4A0E-81D6-E3A0DD7FDFCA}.Debug|Any CPU.Build.0 = Debug|Any CPU
		{97464C1B-8E92-4A0E-81D6-E3A0DD7FDFCA}.Release|Any CPU.ActiveCfg = Release|Any CPU
		{97464C1B-8E92-4A0E-81D6-E3A0DD7FDFCA}.Release|Any CPU.Build.0 = Release|Any CPU
		{48F639F6-2261-487B-AF0C-B683A211896D}.Debug|Any CPU.ActiveCfg = Debug|Any CPU
		{48F639F6-2261-487B-AF0C-B683A211896D}.Debug|Any CPU.Build.0 = Debug|Any CPU
		{48F639F6-2261-487B-AF0C-B683A211896D}.Release|Any CPU.ActiveCfg = Release|Any CPU
		{48F639F6-2261-487B-AF0C-B683A211896D}.Release|Any CPU.Build.0 = Release|Any CPU
		{6A59690D-B3C5-48CE-A463-5FD5DE4882AD}.Debug|Any CPU.ActiveCfg = Debug|Any CPU
		{6A59690D-B3C5-48CE-A463-5FD5DE4882AD}.Debug|Any CPU.Build.0 = Debug|Any CPU
		{6A59690D-B3C5-48CE-A463-5FD5DE4882AD}.Release|Any CPU.ActiveCfg = Release|Any CPU
		{6A59690D-B3C5-48CE-A463-5FD5DE4882AD}.Release|Any CPU.Build.0 = Release|Any CPU
		{3ED4ED21-8362-416B-9FA4-7C2DA83744C8}.Debug|Any CPU.ActiveCfg = Debug|Any CPU
		{3ED4ED21-8362-416B-9FA4-7C2DA83744C8}.Debug|Any CPU.Build.0 = Debug|Any CPU
		{3ED4ED21-8362-416B-9FA4-7C2DA83744C8}.Release|Any CPU.ActiveCfg = Release|Any CPU
		{3ED4ED21-8362-416B-9FA4-7C2DA83744C8}.Release|Any CPU.Build.0 = Release|Any CPU
		{D2FDE2BC-CEE4-406B-9912-C3C4BF250DA3}.Debug|Any CPU.ActiveCfg = Debug|Any CPU
		{D2FDE2BC-CEE4-406B-9912-C3C4BF250DA3}.Debug|Any CPU.Build.0 = Debug|Any CPU
		{D2FDE2BC-CEE4-406B-9912-C3C4BF250DA3}.Release|Any CPU.ActiveCfg = Release|Any CPU
		{D2FDE2BC-CEE4-406B-9912-C3C4BF250DA3}.Release|Any CPU.Build.0 = Release|Any CPU
		{B98CDF66-C010-4460-B2E9-3B31D18C01ED}.Debug|Any CPU.ActiveCfg = Debug|Any CPU
		{B98CDF66-C010-4460-B2E9-3B31D18C01ED}.Debug|Any CPU.Build.0 = Debug|Any CPU
		{B98CDF66-C010-4460-B2E9-3B31D18C01ED}.Release|Any CPU.ActiveCfg = Release|Any CPU
		{B98CDF66-C010-4460-B2E9-3B31D18C01ED}.Release|Any CPU.Build.0 = Release|Any CPU
		{0F3C1EC1-8EAE-425A-96C5-DDFC5C42F849}.Debug|Any CPU.ActiveCfg = Debug|Any CPU
		{0F3C1EC1-8EAE-425A-96C5-DDFC5C42F849}.Debug|Any CPU.Build.0 = Debug|Any CPU
		{0F3C1EC1-8EAE-425A-96C5-DDFC5C42F849}.Release|Any CPU.ActiveCfg = Release|Any CPU
		{0F3C1EC1-8EAE-425A-96C5-DDFC5C42F849}.Release|Any CPU.Build.0 = Release|Any CPU
		{D8FFA6A1-B29E-40CF-B6DB-95BB2AF0FE00}.Debug|Any CPU.ActiveCfg = Debug|Any CPU
		{D8FFA6A1-B29E-40CF-B6DB-95BB2AF0FE00}.Debug|Any CPU.Build.0 = Debug|Any CPU
		{D8FFA6A1-B29E-40CF-B6DB-95BB2AF0FE00}.Release|Any CPU.ActiveCfg = Release|Any CPU
		{D8FFA6A1-B29E-40CF-B6DB-95BB2AF0FE00}.Release|Any CPU.Build.0 = Release|Any CPU
		{86E07547-F0B1-4C9D-80B9-2089C874FC80}.Debug|Any CPU.ActiveCfg = Debug|Any CPU
		{86E07547-F0B1-4C9D-80B9-2089C874FC80}.Debug|Any CPU.Build.0 = Debug|Any CPU
		{86E07547-F0B1-4C9D-80B9-2089C874FC80}.Release|Any CPU.ActiveCfg = Release|Any CPU
		{86E07547-F0B1-4C9D-80B9-2089C874FC80}.Release|Any CPU.Build.0 = Release|Any CPU
		{FD16A15E-2109-4811-B405-C7DD79160348}.Debug|Any CPU.ActiveCfg = Debug|Any CPU
		{FD16A15E-2109-4811-B405-C7DD79160348}.Debug|Any CPU.Build.0 = Debug|Any CPU
		{FD16A15E-2109-4811-B405-C7DD79160348}.Release|Any CPU.ActiveCfg = Release|Any CPU
		{FD16A15E-2109-4811-B405-C7DD79160348}.Release|Any CPU.Build.0 = Release|Any CPU
		{BBBBC7CA-F4F3-4469-A758-10C8C6E8DC18}.Debug|Any CPU.ActiveCfg = Debug|Any CPU
		{BBBBC7CA-F4F3-4469-A758-10C8C6E8DC18}.Debug|Any CPU.Build.0 = Debug|Any CPU
		{BBBBC7CA-F4F3-4469-A758-10C8C6E8DC18}.Release|Any CPU.ActiveCfg = Release|Any CPU
		{BBBBC7CA-F4F3-4469-A758-10C8C6E8DC18}.Release|Any CPU.Build.0 = Release|Any CPU
		{78E1775D-BEC6-45DA-BF7E-028692B2FCF6}.Debug|Any CPU.ActiveCfg = Debug|Any CPU
		{78E1775D-BEC6-45DA-BF7E-028692B2FCF6}.Debug|Any CPU.Build.0 = Debug|Any CPU
		{78E1775D-BEC6-45DA-BF7E-028692B2FCF6}.Release|Any CPU.ActiveCfg = Release|Any CPU
		{78E1775D-BEC6-45DA-BF7E-028692B2FCF6}.Release|Any CPU.Build.0 = Release|Any CPU
		{6BCE3B47-F3BE-4D1B-AEB7-8E4247E10AC0}.Debug|Any CPU.ActiveCfg = Debug|Any CPU
		{6BCE3B47-F3BE-4D1B-AEB7-8E4247E10AC0}.Debug|Any CPU.Build.0 = Debug|Any CPU
		{6BCE3B47-F3BE-4D1B-AEB7-8E4247E10AC0}.Release|Any CPU.ActiveCfg = Release|Any CPU
		{6BCE3B47-F3BE-4D1B-AEB7-8E4247E10AC0}.Release|Any CPU.Build.0 = Release|Any CPU
	EndGlobalSection
	GlobalSection(SolutionProperties) = preSolution
		HideSolutionNode = FALSE
	EndGlobalSection
	GlobalSection(ExtensibilityGlobals) = postSolution
		SolutionGuid = {5DEA7729-FACB-4D2A-9030-59650149CB20}
	EndGlobalSection
EndGlobal
