
Microsoft Visual Studio Solution File, Format Version 12.00
# Visual Studio Version 16
VisualStudioVersion = 16.0.31205.134
MinimumVisualStudioVersion = 10.0.40219.1
Project("{9A19103F-16F7-4668-BE54-9A1E7A4F7556}") = "Projection", "Projection\Projection.csproj", "{22380FC9-30B6-463F-A6D3-6B7D10DA0A70}"
EndProject
Project("{9A19103F-16F7-4668-BE54-9A1E7A4F7556}") = "Math-lib", "Math-lib\Math-lib.csproj", "{8E14B9A9-9444-407F-BFC7-5A50C743B684}"
EndProject
Project("{9A19103F-16F7-4668-BE54-9A1E7A4F7556}") = "Math-lib.Tests", "Math-lib.Tests\Math-lib.Tests.csproj", "{35B47ACF-765B-4E39-BA80-33B8632DCF10}"
EndProject
Global
	GlobalSection(SolutionConfigurationPlatforms) = preSolution
		Debug|Any CPU = Debug|Any CPU
		Release|Any CPU = Release|Any CPU
	EndGlobalSection
	GlobalSection(ProjectConfigurationPlatforms) = postSolution
		{22380FC9-30B6-463F-A6D3-6B7D10DA0A70}.Debug|Any CPU.ActiveCfg = Debug|Any CPU
		{22380FC9-30B6-463F-A6D3-6B7D10DA0A70}.Debug|Any CPU.Build.0 = Debug|Any CPU
		{22380FC9-30B6-463F-A6D3-6B7D10DA0A70}.Release|Any CPU.ActiveCfg = Release|Any CPU
		{22380FC9-30B6-463F-A6D3-6B7D10DA0A70}.Release|Any CPU.Build.0 = Release|Any CPU
		{8E14B9A9-9444-407F-BFC7-5A50C743B684}.Debug|Any CPU.ActiveCfg = Debug|Any CPU
		{8E14B9A9-9444-407F-BFC7-5A50C743B684}.Debug|Any CPU.Build.0 = Debug|Any CPU
		{8E14B9A9-9444-407F-BFC7-5A50C743B684}.Release|Any CPU.ActiveCfg = Release|Any CPU
		{8E14B9A9-9444-407F-BFC7-5A50C743B684}.Release|Any CPU.Build.0 = Release|Any CPU
		{35B47ACF-765B-4E39-BA80-33B8632DCF10}.Debug|Any CPU.ActiveCfg = Debug|Any CPU
		{35B47ACF-765B-4E39-BA80-33B8632DCF10}.Debug|Any CPU.Build.0 = Debug|Any CPU
		{35B47ACF-765B-4E39-BA80-33B8632DCF10}.Release|Any CPU.ActiveCfg = Release|Any CPU
		{35B47ACF-765B-4E39-BA80-33B8632DCF10}.Release|Any CPU.Build.0 = Release|Any CPU
	EndGlobalSection
	GlobalSection(SolutionProperties) = preSolution
		HideSolutionNode = FALSE
	EndGlobalSection
	GlobalSection(ExtensibilityGlobals) = postSolution
		SolutionGuid = {9D115154-6984-49E3-9158-C7E2104D3D5D}
	EndGlobalSection
EndGlobal
